{
  "version": 4,
  "terraform_version": "1.4.4",
  "serial": 234,
  "lineage": "fb94e57e-9ce6-8d2e-d3e9-2422941a0126",
  "outputs": {
    "storage_account_ids": {
      "value": [
        "/subscriptions/820b6969-ff53-431e-89cc-0377b9dcbab2/resourceGroups/my-resource-group/providers/Microsoft.Storage/storageAccounts/sourceazdemo",
        "/subscriptions/820b6969-ff53-431e-89cc-0377b9dcbab2/resourceGroups/my-resource-group/providers/Microsoft.Storage/storageAccounts/destinationazdemo"
      ],
      "type": [
        "tuple",
        [
          "string",
          "string"
        ]
      ]
    }
  },
  "resources": [
    {
      "mode": "managed",
      "type": "azurerm_data_factory_dataset_azure_blob",
      "name": "destination_dataset",
      "provider": "provider[\"registry.terraform.io/hashicorp/azurerm\"]",
      "instances": [
        {
          "schema_version": 0,
          "attributes": {
            "additional_properties": null,
            "annotations": null,
            "data_factory_id": "/subscriptions/820b6969-ff53-431e-89cc-0377b9dcbab2/resourceGroups/my-resource-group/providers/Microsoft.DataFactory/factories/my-data-factory-demo-rg1",
            "description": "",
            "dynamic_filename_enabled": false,
            "dynamic_path_enabled": false,
            "filename": "outputfile.csv",
            "folder": null,
            "id": "/subscriptions/820b6969-ff53-431e-89cc-0377b9dcbab2/resourceGroups/my-resource-group/providers/Microsoft.DataFactory/factories/my-data-factory-demo-rg1/datasets/destination_dataset",
            "linked_service_name": "destination-storage",
            "name": "destination_dataset",
            "parameters": null,
            "path": "outputcontainer",
            "schema_column": [],
            "timeouts": null
          },
          "sensitive_attributes": [],
          "private": "eyJlMmJmYjczMC1lY2FhLTExZTYtOGY4OC0zNDM2M2JjN2M0YzAiOnsiY3JlYXRlIjoxODAwMDAwMDAwMDAwLCJkZWxldGUiOjE4MDAwMDAwMDAwMDAsInJlYWQiOjMwMDAwMDAwMDAwMCwidXBkYXRlIjoxODAwMDAwMDAwMDAwfX0=",
          "dependencies": [
            "module.adf.azurerm_data_factory.adf",
            "module.adf_linked_services.azurerm_data_factory_linked_service_azure_blob_storage.linked",
            "module.blob_storage_accounts.azurerm_storage_account.blob_storage",
            "module.blob_storage_accounts.azurerm_storage_blob.blob",
            "module.blob_storage_accounts.azurerm_storage_container.container"
          ]
        }
      ]
    },
    {
      "mode": "managed",
      "type": "azurerm_data_factory_dataset_azure_blob",
      "name": "source_dataset",
      "provider": "provider[\"registry.terraform.io/hashicorp/azurerm\"]",
      "instances": [
        {
          "schema_version": 0,
          "attributes": {
            "additional_properties": null,
            "annotations": null,
            "data_factory_id": "/subscriptions/820b6969-ff53-431e-89cc-0377b9dcbab2/resourceGroups/my-resource-group/providers/Microsoft.DataFactory/factories/my-data-factory-demo-rg1",
            "description": "",
            "dynamic_filename_enabled": false,
            "dynamic_path_enabled": false,
            "filename": "inputfile.csv",
            "folder": null,
            "id": "/subscriptions/820b6969-ff53-431e-89cc-0377b9dcbab2/resourceGroups/my-resource-group/providers/Microsoft.DataFactory/factories/my-data-factory-demo-rg1/datasets/source_dataset",
            "linked_service_name": "source-storage",
            "name": "source_dataset",
            "parameters": null,
            "path": "inputcontainer",
            "schema_column": [],
            "timeouts": null
          },
          "sensitive_attributes": [],
          "private": "eyJlMmJmYjczMC1lY2FhLTExZTYtOGY4OC0zNDM2M2JjN2M0YzAiOnsiY3JlYXRlIjoxODAwMDAwMDAwMDAwLCJkZWxldGUiOjE4MDAwMDAwMDAwMDAsInJlYWQiOjMwMDAwMDAwMDAwMCwidXBkYXRlIjoxODAwMDAwMDAwMDAwfX0=",
          "dependencies": [
            "module.adf.azurerm_data_factory.adf",
            "module.adf_linked_services.azurerm_data_factory_linked_service_azure_blob_storage.linked",
            "module.blob_storage_accounts.azurerm_storage_account.blob_storage",
            "module.blob_storage_accounts.azurerm_storage_blob.blob",
            "module.blob_storage_accounts.azurerm_storage_container.container"
          ]
        }
      ]
    },
    {
      "mode": "managed",
      "type": "azurerm_data_factory_pipeline",
      "name": "copy_data",
      "provider": "provider[\"registry.terraform.io/hashicorp/azurerm\"]",
      "instances": [
        {
          "schema_version": 0,
          "attributes": {
            "activities_json": "[{\"inputs\":[{\"type\":\"DatasetReference\"}],\"name\":\"CopyDataActivity\",\"outputs\":[{\"type\":\"DatasetReference\"}],\"type\":\"Copy\",\"type_properties\":{\"sink\":{\"blob_path\":\"outputcontainer/outputfile.csv\",\"type\":\"AzureBlobSink\"},\"source\":{\"blob_path\":\"inputcontainer/inputfile.csv\",\"type\":\"AzureBlobSource\"}}}]",
            "annotations": null,
            "concurrency": 0,
            "data_factory_id": "/subscriptions/820b6969-ff53-431e-89cc-0377b9dcbab2/resourceGroups/my-resource-group/providers/Microsoft.DataFactory/factories/my-data-factory-demo-rg1",
            "description": "",
            "folder": null,
            "id": "/subscriptions/820b6969-ff53-431e-89cc-0377b9dcbab2/resourceGroups/my-resource-group/providers/Microsoft.DataFactory/factories/my-data-factory-demo-rg1/pipelines/copy_data_pipeline",
            "moniter_metrics_after_duration": "",
            "name": "copy_data_pipeline",
            "parameters": null,
            "timeouts": null,
            "variables": null
          },
          "sensitive_attributes": [],
          "private": "eyJlMmJmYjczMC1lY2FhLTExZTYtOGY4OC0zNDM2M2JjN2M0YzAiOnsiY3JlYXRlIjoxODAwMDAwMDAwMDAwLCJkZWxldGUiOjE4MDAwMDAwMDAwMDAsInJlYWQiOjMwMDAwMDAwMDAwMCwidXBkYXRlIjoxODAwMDAwMDAwMDAwfX0=",
          "dependencies": [
            "module.adf.azurerm_data_factory.adf",
            "module.blob_storage_accounts.azurerm_storage_account.blob_storage",
            "module.blob_storage_accounts.azurerm_storage_blob.blob",
            "module.blob_storage_accounts.azurerm_storage_container.container"
          ]
        }
      ]
    },
    {
      "module": "module.adf",
      "mode": "managed",
      "type": "azurerm_data_factory",
      "name": "adf",
      "provider": "provider[\"registry.terraform.io/hashicorp/azurerm\"]",
      "instances": [
        {
          "schema_version": 2,
          "attributes": {
            "customer_managed_key_id": "",
            "customer_managed_key_identity_id": "",
            "github_configuration": [],
            "global_parameter": [],
            "id": "/subscriptions/820b6969-ff53-431e-89cc-0377b9dcbab2/resourceGroups/my-resource-group/providers/Microsoft.DataFactory/factories/my-data-factory-demo-rg1",
            "identity": [],
            "location": "eastus",
            "managed_virtual_network_enabled": false,
            "name": "my-data-factory-demo-rg1",
            "public_network_enabled": true,
            "resource_group_name": "my-resource-group",
            "tags": null,
            "timeouts": null,
            "vsts_configuration": []
          },
          "sensitive_attributes": [],
          "private": "eyJlMmJmYjczMC1lY2FhLTExZTYtOGY4OC0zNDM2M2JjN2M0YzAiOnsiY3JlYXRlIjoxODAwMDAwMDAwMDAwLCJkZWxldGUiOjE4MDAwMDAwMDAwMDAsInJlYWQiOjMwMDAwMDAwMDAwMCwidXBkYXRlIjoxODAwMDAwMDAwMDAwfSwic2NoZW1hX3ZlcnNpb24iOiIyIn0=",
          "dependencies": [
            "module.blob_storage_accounts.azurerm_storage_account.blob_storage",
            "module.blob_storage_accounts.azurerm_storage_blob.blob",
            "module.blob_storage_accounts.azurerm_storage_container.container"
          ]
        }
      ]
    },
    {
      "module": "module.adf_linked_services",
      "mode": "managed",
      "type": "azurerm_data_factory_linked_service_azure_blob_storage",
      "name": "linked",
      "provider": "provider[\"registry.terraform.io/hashicorp/azurerm\"]",
      "instances": [
        {
          "index_key": 0,
          "schema_version": 0,
          "attributes": {
            "additional_properties": null,
            "annotations": null,
            "connection_string": "DefaultEndpointsProtocol=https;AccountName=sourceazdemo;AccountKey=OM5e2w7wbgg2oZ5EeLuBUJv349ZCsvGRSp79VMgBeOg3n144ARlXlMXg8KoTrItT5pQgqHTFtkCI+ASteF+azA==;EndpointSuffix=core.windows.net",
            "data_factory_id": "/subscriptions/820b6969-ff53-431e-89cc-0377b9dcbab2/resourceGroups/my-resource-group/providers/Microsoft.DataFactory/factories/my-data-factory-demo-rg1",
            "description": "",
            "id": "/subscriptions/820b6969-ff53-431e-89cc-0377b9dcbab2/resourceGroups/my-resource-group/providers/Microsoft.DataFactory/factories/my-data-factory-demo-rg1/linkedservices/source-storage",
            "integration_runtime_name": null,
            "key_vault_sas_token": [],
            "name": "source-storage",
            "parameters": null,
            "sas_uri": null,
            "service_endpoint": null,
            "service_principal_id": "",
            "service_principal_key": null,
            "tenant_id": "",
            "timeouts": null,
            "use_managed_identity": false
          },
          "sensitive_attributes": [
            [
              {
                "type": "get_attr",
                "value": "connection_string"
              }
            ]
          ],
          "private": "eyJlMmJmYjczMC1lY2FhLTExZTYtOGY4OC0zNDM2M2JjN2M0YzAiOnsiY3JlYXRlIjoxODAwMDAwMDAwMDAwLCJkZWxldGUiOjE4MDAwMDAwMDAwMDAsInJlYWQiOjMwMDAwMDAwMDAwMCwidXBkYXRlIjoxODAwMDAwMDAwMDAwfX0=",
          "dependencies": [
            "module.adf.azurerm_data_factory.adf",
            "module.blob_storage_accounts.azurerm_storage_account.blob_storage",
            "module.blob_storage_accounts.azurerm_storage_blob.blob",
            "module.blob_storage_accounts.azurerm_storage_container.container"
          ]
        },
        {
          "index_key": 1,
          "schema_version": 0,
          "attributes": {
            "additional_properties": null,
            "annotations": null,
            "connection_string": "DefaultEndpointsProtocol=https;AccountName=sourceazdemo;AccountKey=OM5e2w7wbgg2oZ5EeLuBUJv349ZCsvGRSp79VMgBeOg3n144ARlXlMXg8KoTrItT5pQgqHTFtkCI+ASteF+azA==;EndpointSuffix=core.windows.net",
            "data_factory_id": "/subscriptions/820b6969-ff53-431e-89cc-0377b9dcbab2/resourceGroups/my-resource-group/providers/Microsoft.DataFactory/factories/my-data-factory-demo-rg1",
            "description": "",
            "id": "/subscriptions/820b6969-ff53-431e-89cc-0377b9dcbab2/resourceGroups/my-resource-group/providers/Microsoft.DataFactory/factories/my-data-factory-demo-rg1/linkedservices/destination-storage",
            "integration_runtime_name": null,
            "key_vault_sas_token": [],
            "name": "destination-storage",
            "parameters": null,
            "sas_uri": null,
            "service_endpoint": null,
            "service_principal_id": "",
            "service_principal_key": null,
            "tenant_id": "",
            "timeouts": null,
            "use_managed_identity": false
          },
          "sensitive_attributes": [
            [
              {
                "type": "get_attr",
                "value": "connection_string"
              }
            ]
          ],
          "private": "eyJlMmJmYjczMC1lY2FhLTExZTYtOGY4OC0zNDM2M2JjN2M0YzAiOnsiY3JlYXRlIjoxODAwMDAwMDAwMDAwLCJkZWxldGUiOjE4MDAwMDAwMDAwMDAsInJlYWQiOjMwMDAwMDAwMDAwMCwidXBkYXRlIjoxODAwMDAwMDAwMDAwfX0=",
          "dependencies": [
            "module.adf.azurerm_data_factory.adf",
            "module.blob_storage_accounts.azurerm_storage_account.blob_storage",
            "module.blob_storage_accounts.azurerm_storage_blob.blob",
            "module.blob_storage_accounts.azurerm_storage_container.container"
          ]
        }
      ]
    },
    {
      "module": "module.blob_storage_accounts",
      "mode": "managed",
      "type": "azurerm_storage_account",
      "name": "blob_storage",
      "provider": "provider[\"registry.terraform.io/hashicorp/azurerm\"]",
      "instances": [
        {
          "index_key": 0,
          "schema_version": 3,
          "attributes": {
            "access_tier": "Hot",
            "account_kind": "StorageV2",
            "account_replication_type": "LRS",
            "account_tier": "Standard",
            "allow_nested_items_to_be_public": true,
            "azure_files_authentication": [],
            "blob_properties": [
              {
                "change_feed_enabled": false,
                "container_delete_retention_policy": [],
                "cors_rule": [],
                "default_service_version": "",
                "delete_retention_policy": [],
                "last_access_time_enabled": false,
                "versioning_enabled": false
              }
            ],
            "custom_domain": [],
            "customer_managed_key": [],
            "edge_zone": "",
            "enable_https_traffic_only": true,
            "id": "/subscriptions/820b6969-ff53-431e-89cc-0377b9dcbab2/resourceGroups/my-resource-group/providers/Microsoft.Storage/storageAccounts/sourceazdemo",
            "identity": [],
            "infrastructure_encryption_enabled": false,
            "is_hns_enabled": false,
            "large_file_share_enabled": null,
            "location": "eastus",
            "min_tls_version": "TLS1_2",
            "name": "sourceazdemo",
            "network_rules": [
              {
                "bypass": [
                  "AzureServices"
                ],
                "default_action": "Allow",
                "ip_rules": [],
                "private_link_access": [],
                "virtual_network_subnet_ids": []
              }
            ],
            "nfsv3_enabled": false,
            "primary_access_key": "OM5e2w7wbgg2oZ5EeLuBUJv349ZCsvGRSp79VMgBeOg3n144ARlXlMXg8KoTrItT5pQgqHTFtkCI+ASteF+azA==",
            "primary_blob_connection_string": "DefaultEndpointsProtocol=https;BlobEndpoint=https://sourceazdemo.blob.core.windows.net/;AccountName=sourceazdemo;AccountKey=OM5e2w7wbgg2oZ5EeLuBUJv349ZCsvGRSp79VMgBeOg3n144ARlXlMXg8KoTrItT5pQgqHTFtkCI+ASteF+azA==",
            "primary_blob_endpoint": "https://sourceazdemo.blob.core.windows.net/",
            "primary_blob_host": "sourceazdemo.blob.core.windows.net",
            "primary_connection_string": "DefaultEndpointsProtocol=https;AccountName=sourceazdemo;AccountKey=OM5e2w7wbgg2oZ5EeLuBUJv349ZCsvGRSp79VMgBeOg3n144ARlXlMXg8KoTrItT5pQgqHTFtkCI+ASteF+azA==;EndpointSuffix=core.windows.net",
            "primary_dfs_endpoint": "https://sourceazdemo.dfs.core.windows.net/",
            "primary_dfs_host": "sourceazdemo.dfs.core.windows.net",
            "primary_file_endpoint": "https://sourceazdemo.file.core.windows.net/",
            "primary_file_host": "sourceazdemo.file.core.windows.net",
            "primary_location": "eastus",
            "primary_queue_endpoint": "https://sourceazdemo.queue.core.windows.net/",
            "primary_queue_host": "sourceazdemo.queue.core.windows.net",
            "primary_table_endpoint": "https://sourceazdemo.table.core.windows.net/",
            "primary_table_host": "sourceazdemo.table.core.windows.net",
            "primary_web_endpoint": "https://sourceazdemo.z13.web.core.windows.net/",
            "primary_web_host": "sourceazdemo.z13.web.core.windows.net",
            "queue_encryption_key_type": "Service",
            "queue_properties": [
              {
                "cors_rule": [],
                "hour_metrics": [
                  {
                    "enabled": true,
                    "include_apis": true,
                    "retention_policy_days": 7,
                    "version": "1.0"
                  }
                ],
                "logging": [
                  {
                    "delete": false,
                    "read": false,
                    "retention_policy_days": 0,
                    "version": "1.0",
                    "write": false
                  }
                ],
                "minute_metrics": [
                  {
                    "enabled": false,
                    "include_apis": false,
                    "retention_policy_days": 0,
                    "version": "1.0"
                  }
                ]
              }
            ],
            "resource_group_name": "my-resource-group",
            "routing": [],
            "secondary_access_key": "AJnnk4dyI2TnyhR4vF6L/7mIrSxXMYoVxbwYZbkNtI8AHHsjVKYocZkz02bvtfzdRVPc239Q8iVd+ASt4gQnWw==",
            "secondary_blob_connection_string": "",
            "secondary_blob_endpoint": null,
            "secondary_blob_host": null,
            "secondary_connection_string": "DefaultEndpointsProtocol=https;AccountName=sourceazdemo;AccountKey=AJnnk4dyI2TnyhR4vF6L/7mIrSxXMYoVxbwYZbkNtI8AHHsjVKYocZkz02bvtfzdRVPc239Q8iVd+ASt4gQnWw==;EndpointSuffix=core.windows.net",
            "secondary_dfs_endpoint": null,
            "secondary_dfs_host": null,
            "secondary_file_endpoint": null,
            "secondary_file_host": null,
            "secondary_location": "",
            "secondary_queue_endpoint": null,
            "secondary_queue_host": null,
            "secondary_table_endpoint": null,
            "secondary_table_host": null,
            "secondary_web_endpoint": null,
            "secondary_web_host": null,
            "share_properties": [
              {
                "cors_rule": [],
                "retention_policy": [
                  {
                    "days": 7
                  }
                ],
                "smb": []
              }
            ],
            "shared_access_key_enabled": true,
            "static_website": [],
            "table_encryption_key_type": "Service",
            "tags": {},
            "timeouts": null
          },
          "sensitive_attributes": [],
          "private": "eyJlMmJmYjczMC1lY2FhLTExZTYtOGY4OC0zNDM2M2JjN2M0YzAiOnsiY3JlYXRlIjozNjAwMDAwMDAwMDAwLCJkZWxldGUiOjM2MDAwMDAwMDAwMDAsInJlYWQiOjMwMDAwMDAwMDAwMCwidXBkYXRlIjozNjAwMDAwMDAwMDAwfSwic2NoZW1hX3ZlcnNpb24iOiIzIn0="
        },
        {
          "index_key": 1,
          "schema_version": 3,
          "attributes": {
            "access_tier": "Hot",
            "account_kind": "StorageV2",
            "account_replication_type": "LRS",
            "account_tier": "Standard",
            "allow_nested_items_to_be_public": true,
            "azure_files_authentication": [],
            "blob_properties": [
              {
                "change_feed_enabled": false,
                "container_delete_retention_policy": [],
                "cors_rule": [],
                "default_service_version": "",
                "delete_retention_policy": [],
                "last_access_time_enabled": false,
                "versioning_enabled": false
              }
            ],
            "custom_domain": [],
            "customer_managed_key": [],
            "edge_zone": "",
            "enable_https_traffic_only": true,
            "id": "/subscriptions/820b6969-ff53-431e-89cc-0377b9dcbab2/resourceGroups/my-resource-group/providers/Microsoft.Storage/storageAccounts/destinationazdemo",
            "identity": [],
            "infrastructure_encryption_enabled": false,
            "is_hns_enabled": false,
            "large_file_share_enabled": null,
            "location": "eastus",
            "min_tls_version": "TLS1_2",
            "name": "destinationazdemo",
            "network_rules": [
              {
                "bypass": [
                  "AzureServices"
                ],
                "default_action": "Allow",
                "ip_rules": [],
                "private_link_access": [],
                "virtual_network_subnet_ids": []
              }
            ],
            "nfsv3_enabled": false,
            "primary_access_key": "mvc1TsBSXmA5J1xa6zXeV027hroMNIBNW33VUUKurYMsEodRGI4x0mSrQl5xa6rNdrfEuzFHJz5Q+AStVR/nrg==",
            "primary_blob_connection_string": "DefaultEndpointsProtocol=https;BlobEndpoint=https://destinationazdemo.blob.core.windows.net/;AccountName=destinationazdemo;AccountKey=mvc1TsBSXmA5J1xa6zXeV027hroMNIBNW33VUUKurYMsEodRGI4x0mSrQl5xa6rNdrfEuzFHJz5Q+AStVR/nrg==",
            "primary_blob_endpoint": "https://destinationazdemo.blob.core.windows.net/",
            "primary_blob_host": "destinationazdemo.blob.core.windows.net",
            "primary_connection_string": "DefaultEndpointsProtocol=https;AccountName=destinationazdemo;AccountKey=mvc1TsBSXmA5J1xa6zXeV027hroMNIBNW33VUUKurYMsEodRGI4x0mSrQl5xa6rNdrfEuzFHJz5Q+AStVR/nrg==;EndpointSuffix=core.windows.net",
            "primary_dfs_endpoint": "https://destinationazdemo.dfs.core.windows.net/",
            "primary_dfs_host": "destinationazdemo.dfs.core.windows.net",
            "primary_file_endpoint": "https://destinationazdemo.file.core.windows.net/",
            "primary_file_host": "destinationazdemo.file.core.windows.net",
            "primary_location": "eastus",
            "primary_queue_endpoint": "https://destinationazdemo.queue.core.windows.net/",
            "primary_queue_host": "destinationazdemo.queue.core.windows.net",
            "primary_table_endpoint": "https://destinationazdemo.table.core.windows.net/",
            "primary_table_host": "destinationazdemo.table.core.windows.net",
            "primary_web_endpoint": "https://destinationazdemo.z13.web.core.windows.net/",
            "primary_web_host": "destinationazdemo.z13.web.core.windows.net",
            "queue_encryption_key_type": "Service",
            "queue_properties": [],
            "resource_group_name": "my-resource-group",
            "routing": [],
            "secondary_access_key": "u4zHR1z1k98lzHFejDkDMlNmNk5ZFw4ldYSMdEBnUXxogdOaDJYXIJafVseh8SaFzKkHpTJjztUi+AStucWWEg==",
            "secondary_blob_connection_string": "",
            "secondary_blob_endpoint": null,
            "secondary_blob_host": null,
            "secondary_connection_string": "DefaultEndpointsProtocol=https;AccountName=destinationazdemo;AccountKey=u4zHR1z1k98lzHFejDkDMlNmNk5ZFw4ldYSMdEBnUXxogdOaDJYXIJafVseh8SaFzKkHpTJjztUi+AStucWWEg==;EndpointSuffix=core.windows.net",
            "secondary_dfs_endpoint": null,
            "secondary_dfs_host": null,
            "secondary_file_endpoint": null,
            "secondary_file_host": null,
            "secondary_location": "",
            "secondary_queue_endpoint": null,
            "secondary_queue_host": null,
            "secondary_table_endpoint": null,
            "secondary_table_host": null,
            "secondary_web_endpoint": null,
            "secondary_web_host": null,
            "share_properties": [
              {
                "cors_rule": [],
                "retention_policy": [
                  {
                    "days": 7
                  }
                ],
                "smb": []
              }
            ],
            "shared_access_key_enabled": true,
            "static_website": [],
            "table_encryption_key_type": "Service",
            "tags": {},
            "timeouts": null
          },
          "sensitive_attributes": [],
          "private": "eyJlMmJmYjczMC1lY2FhLTExZTYtOGY4OC0zNDM2M2JjN2M0YzAiOnsiY3JlYXRlIjozNjAwMDAwMDAwMDAwLCJkZWxldGUiOjM2MDAwMDAwMDAwMDAsInJlYWQiOjMwMDAwMDAwMDAwMCwidXBkYXRlIjozNjAwMDAwMDAwMDAwfSwic2NoZW1hX3ZlcnNpb24iOiIzIn0="
        }
      ]
    },
    {
      "module": "module.blob_storage_accounts",
      "mode": "managed",
      "type": "azurerm_storage_blob",
      "name": "blob",
      "provider": "provider[\"registry.terraform.io/hashicorp/azurerm\"]",
      "instances": [
        {
          "index_key": 0,
          "schema_version": 1,
          "attributes": {
            "access_tier": "Hot",
            "cache_control": "",
            "content_md5": "",
            "content_type": "application/octet-stream",
            "id": "https://sourceazdemo.blob.core.windows.net/inputcontainer/inputfile.csv",
            "metadata": {},
            "name": "inputfile.csv",
            "parallelism": 8,
            "size": 0,
            "source": null,
            "source_content": null,
            "source_uri": null,
            "storage_account_name": "sourceazdemo",
            "storage_container_name": "inputcontainer",
            "timeouts": null,
            "type": "Block",
            "url": "https://sourceazdemo.blob.core.windows.net/inputcontainer/inputfile.csv"
          },
          "sensitive_attributes": [],
          "private": "eyJlMmJmYjczMC1lY2FhLTExZTYtOGY4OC0zNDM2M2JjN2M0YzAiOnsiY3JlYXRlIjoxODAwMDAwMDAwMDAwLCJkZWxldGUiOjE4MDAwMDAwMDAwMDAsInJlYWQiOjMwMDAwMDAwMDAwMCwidXBkYXRlIjoxODAwMDAwMDAwMDAwfSwic2NoZW1hX3ZlcnNpb24iOiIxIn0=",
          "dependencies": [
            "module.blob_storage_accounts.azurerm_storage_account.blob_storage",
            "module.blob_storage_accounts.azurerm_storage_container.container"
          ]
        },
        {
          "index_key": 1,
          "schema_version": 1,
          "attributes": {
            "access_tier": "Hot",
            "cache_control": "",
            "content_md5": "",
            "content_type": "application/octet-stream",
            "id": "https://destinationazdemo.blob.core.windows.net/outputcontainer/outputfile.csv",
            "metadata": {},
            "name": "outputfile.csv",
            "parallelism": 8,
            "size": 0,
            "source": null,
            "source_content": null,
            "source_uri": null,
            "storage_account_name": "destinationazdemo",
            "storage_container_name": "outputcontainer",
            "timeouts": null,
            "type": "Block",
            "url": "https://destinationazdemo.blob.core.windows.net/outputcontainer/outputfile.csv"
          },
          "sensitive_attributes": [],
          "private": "eyJlMmJmYjczMC1lY2FhLTExZTYtOGY4OC0zNDM2M2JjN2M0YzAiOnsiY3JlYXRlIjoxODAwMDAwMDAwMDAwLCJkZWxldGUiOjE4MDAwMDAwMDAwMDAsInJlYWQiOjMwMDAwMDAwMDAwMCwidXBkYXRlIjoxODAwMDAwMDAwMDAwfSwic2NoZW1hX3ZlcnNpb24iOiIxIn0=",
          "dependencies": [
            "module.blob_storage_accounts.azurerm_storage_account.blob_storage",
            "module.blob_storage_accounts.azurerm_storage_container.container"
          ]
        }
      ]
    },
    {
      "module": "module.blob_storage_accounts",
      "mode": "managed",
      "type": "azurerm_storage_container",
      "name": "container",
      "provider": "provider[\"registry.terraform.io/hashicorp/azurerm\"]",
      "instances": [
        {
          "index_key": 0,
          "schema_version": 1,
          "attributes": {
            "container_access_type": "private",
            "has_immutability_policy": false,
            "has_legal_hold": false,
            "id": "https://sourceazdemo.blob.core.windows.net/inputcontainer",
            "metadata": {},
            "name": "inputcontainer",
            "resource_manager_id": "/subscriptions/820b6969-ff53-431e-89cc-0377b9dcbab2/resourceGroups/my-resource-group/providers/Microsoft.Storage/storageAccounts/sourceazdemo/blobServices/default/containers/inputcontainer",
            "storage_account_name": "sourceazdemo",
            "timeouts": null
          },
          "sensitive_attributes": [],
          "private": "eyJlMmJmYjczMC1lY2FhLTExZTYtOGY4OC0zNDM2M2JjN2M0YzAiOnsiY3JlYXRlIjoxODAwMDAwMDAwMDAwLCJkZWxldGUiOjE4MDAwMDAwMDAwMDAsInJlYWQiOjMwMDAwMDAwMDAwMCwidXBkYXRlIjoxODAwMDAwMDAwMDAwfSwic2NoZW1hX3ZlcnNpb24iOiIxIn0=",
          "dependencies": [
            "module.blob_storage_accounts.azurerm_storage_account.blob_storage"
          ]
        },
        {
          "index_key": 1,
          "schema_version": 1,
          "attributes": {
            "container_access_type": "private",
            "has_immutability_policy": false,
            "has_legal_hold": false,
            "id": "https://destinationazdemo.blob.core.windows.net/outputcontainer",
            "metadata": {},
            "name": "outputcontainer",
            "resource_manager_id": "/subscriptions/820b6969-ff53-431e-89cc-0377b9dcbab2/resourceGroups/my-resource-group/providers/Microsoft.Storage/storageAccounts/destinationazdemo/blobServices/default/containers/outputcontainer",
            "storage_account_name": "destinationazdemo",
            "timeouts": null
          },
          "sensitive_attributes": [],
          "private": "eyJlMmJmYjczMC1lY2FhLTExZTYtOGY4OC0zNDM2M2JjN2M0YzAiOnsiY3JlYXRlIjoxODAwMDAwMDAwMDAwLCJkZWxldGUiOjE4MDAwMDAwMDAwMDAsInJlYWQiOjMwMDAwMDAwMDAwMCwidXBkYXRlIjoxODAwMDAwMDAwMDAwfSwic2NoZW1hX3ZlcnNpb24iOiIxIn0=",
          "dependencies": [
            "module.blob_storage_accounts.azurerm_storage_account.blob_storage"
          ]
        }
      ]
    }
  ],
  "check_results": null
}
